
Microsoft Visual Studio Solution File, Format Version 12.00
# Visual Studio 15
VisualStudioVersion = 15.0.28010.2048
MinimumVisualStudioVersion = 10.0.40219.1
Project("{8BC9CEB8-8B4A-11D0-8D11-00A0C91BC942}") = "Lawicel_CAN_UART", "Lawicel_CAN_UART\Lawicel_CAN_UART.vcxproj", "{018A78D1-5456-460D-AB2E-BCB0B00A0AC4}"
EndProject
Global
	GlobalSection(SolutionConfigurationPlatforms) = preSolution
		Debug|VisualGDB = Debug|VisualGDB
		Release|VisualGDB = Release|VisualGDB
	EndGlobalSection
	GlobalSection(ProjectConfigurationPlatforms) = postSolution
		{018A78D1-5456-460D-AB2E-BCB0B00A0AC4}.Debug|VisualGDB.ActiveCfg = Debug|VisualGDB
		{018A78D1-5456-460D-AB2E-BCB0B00A0AC4}.Debug|VisualGDB.Build.0 = Debug|VisualGDB
		{018A78D1-5456-460D-AB2E-BCB0B00A0AC4}.Release|VisualGDB.ActiveCfg = Release|VisualGDB
		{018A78D1-5456-460D-AB2E-BCB0B00A0AC4}.Release|VisualGDB.Build.0 = Release|VisualGDB
	EndGlobalSection
	GlobalSection(SolutionProperties) = preSolution
		HideSolutionNode = FALSE
	EndGlobalSection
	GlobalSection(ExtensibilityGlobals) = postSolution
		SolutionGuid = {97D82EB9-E999-4502-B476-CFC260E49A9B}
	EndGlobalSection
EndGlobal
